
Microsoft Visual Studio Solution File, Format Version 12.00
# Visual Studio Version 16
VisualStudioVersion = 16.0.29920.165
MinimumVisualStudioVersion = 10.0.40219.1
Project("{FAE04EC0-301F-11D3-BF4B-00C04F79EFBC}") = "FoodVendorsOfYVR", "FoodVendorsOfYVR\FoodVendorsOfYVR.csproj", "{DE337DFD-9FE4-461D-9F1E-B23622BE1B0E}"
EndProject
Global
	GlobalSection(SolutionConfigurationPlatforms) = preSolution
		Debug|Any CPU = Debug|Any CPU
		Release|Any CPU = Release|Any CPU
	EndGlobalSection
	GlobalSection(ProjectConfigurationPlatforms) = postSolution
		{DE337DFD-9FE4-461D-9F1E-B23622BE1B0E}.Debug|Any CPU.ActiveCfg = Debug|Any CPU
		{DE337DFD-9FE4-461D-9F1E-B23622BE1B0E}.Debug|Any CPU.Build.0 = Debug|Any CPU
		{DE337DFD-9FE4-461D-9F1E-B23622BE1B0E}.Release|Any CPU.ActiveCfg = Release|Any CPU
		{DE337DFD-9FE4-461D-9F1E-B23622BE1B0E}.Release|Any CPU.Build.0 = Release|Any CPU
	EndGlobalSection
	GlobalSection(SolutionProperties) = preSolution
		HideSolutionNode = FALSE
	EndGlobalSection
	GlobalSection(ExtensibilityGlobals) = postSolution
		SolutionGuid = {984FFFC0-7C14-47FB-AF35-452B27DA32BC}
	EndGlobalSection
EndGlobal
